
Microsoft Visual Studio Solution File, Format Version 12.00
# Visual Studio Version 16
VisualStudioVersion = 16.0.29905.134
MinimumVisualStudioVersion = 10.0.40219.1
Project("{FAE04EC0-301F-11D3-BF4B-00C04F79EFBC}") = "Day21_restAPI", "Day21_restAPI\Day21_restAPI.csproj", "{FDC1102D-B651-4491-92A1-8D9F6FD08987}"
EndProject
Global
	GlobalSection(SolutionConfigurationPlatforms) = preSolution
		Debug|Any CPU = Debug|Any CPU
		Release|Any CPU = Release|Any CPU
	EndGlobalSection
	GlobalSection(ProjectConfigurationPlatforms) = postSolution
		{FDC1102D-B651-4491-92A1-8D9F6FD08987}.Debug|Any CPU.ActiveCfg = Debug|Any CPU
		{FDC1102D-B651-4491-92A1-8D9F6FD08987}.Debug|Any CPU.Build.0 = Debug|Any CPU
		{FDC1102D-B651-4491-92A1-8D9F6FD08987}.Release|Any CPU.ActiveCfg = Release|Any CPU
		{FDC1102D-B651-4491-92A1-8D9F6FD08987}.Release|Any CPU.Build.0 = Release|Any CPU
	EndGlobalSection
	GlobalSection(SolutionProperties) = preSolution
		HideSolutionNode = FALSE
	EndGlobalSection
	GlobalSection(ExtensibilityGlobals) = postSolution
		SolutionGuid = {F038C186-AE30-4F4D-A222-1216414C985E}
	EndGlobalSection
EndGlobal
