
Microsoft Visual Studio Solution File, Format Version 12.00
# Visual Studio Version 16
VisualStudioVersion = 16.0.29709.97
MinimumVisualStudioVersion = 10.0.40219.1
Project("{FAE04EC0-301F-11D3-BF4B-00C04F79EFBC}") = "Day3_Methods", "Day3_Methods\Day3_Methods.csproj", "{B374E972-45EA-4AF7-B116-5073256997A4}"
EndProject
Global
	GlobalSection(SolutionConfigurationPlatforms) = preSolution
		Debug|Any CPU = Debug|Any CPU
		Release|Any CPU = Release|Any CPU
	EndGlobalSection
	GlobalSection(ProjectConfigurationPlatforms) = postSolution
		{B374E972-45EA-4AF7-B116-5073256997A4}.Debug|Any CPU.ActiveCfg = Debug|Any CPU
		{B374E972-45EA-4AF7-B116-5073256997A4}.Debug|Any CPU.Build.0 = Debug|Any CPU
		{B374E972-45EA-4AF7-B116-5073256997A4}.Release|Any CPU.ActiveCfg = Release|Any CPU
		{B374E972-45EA-4AF7-B116-5073256997A4}.Release|Any CPU.Build.0 = Release|Any CPU
	EndGlobalSection
	GlobalSection(SolutionProperties) = preSolution
		HideSolutionNode = FALSE
	EndGlobalSection
	GlobalSection(ExtensibilityGlobals) = postSolution
		SolutionGuid = {7B385811-4BBA-4D3D-8F31-063F72CF0A64}
	EndGlobalSection
EndGlobal
