
Microsoft Visual Studio Solution File, Format Version 12.00
# Visual Studio Version 16
VisualStudioVersion = 16.0.29728.190
MinimumVisualStudioVersion = 10.0.40219.1
Project("{FAE04EC0-301F-11D3-BF4B-00C04F79EFBC}") = "Day12_Lists", "Day12_Lists\Day12_Lists.csproj", "{7069892E-D9F8-4013-8DA2-49245B3A4844}"
EndProject
Global
	GlobalSection(SolutionConfigurationPlatforms) = preSolution
		Debug|Any CPU = Debug|Any CPU
		Release|Any CPU = Release|Any CPU
	EndGlobalSection
	GlobalSection(ProjectConfigurationPlatforms) = postSolution
		{7069892E-D9F8-4013-8DA2-49245B3A4844}.Debug|Any CPU.ActiveCfg = Debug|Any CPU
		{7069892E-D9F8-4013-8DA2-49245B3A4844}.Debug|Any CPU.Build.0 = Debug|Any CPU
		{7069892E-D9F8-4013-8DA2-49245B3A4844}.Release|Any CPU.ActiveCfg = Release|Any CPU
		{7069892E-D9F8-4013-8DA2-49245B3A4844}.Release|Any CPU.Build.0 = Release|Any CPU
	EndGlobalSection
	GlobalSection(SolutionProperties) = preSolution
		HideSolutionNode = FALSE
	EndGlobalSection
	GlobalSection(ExtensibilityGlobals) = postSolution
		SolutionGuid = {2E003DF6-BC28-4115-9902-B7EF97BEBC8F}
	EndGlobalSection
EndGlobal
