
Microsoft Visual Studio Solution File, Format Version 12.00
# Visual Studio Version 16
VisualStudioVersion = 16.0.29905.134
MinimumVisualStudioVersion = 10.0.40219.1
Project("{FAE04EC0-301F-11D3-BF4B-00C04F79EFBC}") = "Day16_FileOpne", "Day16_FileOpne\Day16_FileOpne.csproj", "{D874B75F-71A0-4039-836E-650139581670}"
EndProject
Global
	GlobalSection(SolutionConfigurationPlatforms) = preSolution
		Debug|Any CPU = Debug|Any CPU
		Release|Any CPU = Release|Any CPU
	EndGlobalSection
	GlobalSection(ProjectConfigurationPlatforms) = postSolution
		{D874B75F-71A0-4039-836E-650139581670}.Debug|Any CPU.ActiveCfg = Debug|Any CPU
		{D874B75F-71A0-4039-836E-650139581670}.Debug|Any CPU.Build.0 = Debug|Any CPU
		{D874B75F-71A0-4039-836E-650139581670}.Release|Any CPU.ActiveCfg = Release|Any CPU
		{D874B75F-71A0-4039-836E-650139581670}.Release|Any CPU.Build.0 = Release|Any CPU
	EndGlobalSection
	GlobalSection(SolutionProperties) = preSolution
		HideSolutionNode = FALSE
	EndGlobalSection
	GlobalSection(ExtensibilityGlobals) = postSolution
		SolutionGuid = {91D979AE-CAA7-4C33-AEB9-38BE790FAE5C}
	EndGlobalSection
EndGlobal
