
Microsoft Visual Studio Solution File, Format Version 12.00
# Visual Studio Version 16
VisualStudioVersion = 16.0.29709.97
MinimumVisualStudioVersion = 10.0.40219.1
Project("{FAE04EC0-301F-11D3-BF4B-00C04F79EFBC}") = "Day1_basics", "Day1_basics\Day1_basics.csproj", "{F4F6C7B4-DB5E-439F-8F5B-361E2C58A1FE}"
EndProject
Global
	GlobalSection(SolutionConfigurationPlatforms) = preSolution
		Debug|Any CPU = Debug|Any CPU
		Release|Any CPU = Release|Any CPU
	EndGlobalSection
	GlobalSection(ProjectConfigurationPlatforms) = postSolution
		{F4F6C7B4-DB5E-439F-8F5B-361E2C58A1FE}.Debug|Any CPU.ActiveCfg = Debug|Any CPU
		{F4F6C7B4-DB5E-439F-8F5B-361E2C58A1FE}.Debug|Any CPU.Build.0 = Debug|Any CPU
		{F4F6C7B4-DB5E-439F-8F5B-361E2C58A1FE}.Release|Any CPU.ActiveCfg = Release|Any CPU
		{F4F6C7B4-DB5E-439F-8F5B-361E2C58A1FE}.Release|Any CPU.Build.0 = Release|Any CPU
	EndGlobalSection
	GlobalSection(SolutionProperties) = preSolution
		HideSolutionNode = FALSE
	EndGlobalSection
	GlobalSection(ExtensibilityGlobals) = postSolution
		SolutionGuid = {D3F81E45-58F8-4DF6-B520-113152B15525}
	EndGlobalSection
EndGlobal
